{
  "pins" : [
    {
      "identity" : "audiokit",
      "kind" : "remoteSourceControl",
      "location" : "https://github.com/AudioKit/AudioKit.git",
      "state" : {
        "revision" : "576528c7618838ed3bdb967b4e176841994aa01d",
        "version" : "5.4.4"
      }
    },
    {
      "identity" : "audiokitex",
      "kind" : "remoteSourceControl",
      "location" : "https://github.com/AudioKit/AudioKitEX.git",
      "state" : {
        "revision" : "ab5b5623e70b2f3c578a5e64ce23d3aea709bb41",
        "version" : "5.4.1"
      }
    },
    {
      "identity" : "audiokitui",
      "kind" : "remoteSourceControl",
      "location" : "https://github.com/AudioKit/AudioKitUI.git",
      "state" : {
        "revision" : "a99b5e480e8a32e764142f36f7240c54d7b694cc",
        "version" : "0.1.5"
      }
    },
    {
      "identity" : "core",
      "kind" : "remoteSourceControl",
      "location" : "https://github.com/swift-kipple/Core",
      "state" : {
        "revision" : "9871aaad55cb9648fe9bdcd7ec960d3557268d57",
        "version" : "0.9.0"
      }
    },
    {
      "identity" : "kissfft",
      "kind" : "remoteSourceControl",
      "location" : "https://github.com/AudioKit/KissFFT",
      "state" : {
        "revision" : "dd0636e151724b8ba2e0908eba4d99a6ff24d00c",
        "version" : "1.0.0"
      }
    },
    {
      "identity" : "soundpipeaudiokit",
      "kind" : "remoteSourceControl",
      "location" : "https://github.com/AudioKit/SoundpipeAudioKit.git",
      "state" : {
        "revision" : "471bd2be920d3611f382511fb6217cb2408f8de9",
        "version" : "5.4.3"
      }
    },
    {
      "identity" : "ui",
      "kind" : "remoteSourceControl",
      "location" : "https://github.com/swift-kipple/UI",
      "state" : {
        "revision" : "b73ba61719f00fdcf6312e9232928929d690612c",
        "version" : "0.0.2"
      }
    },
    {
      "identity" : "uidevicecomplete",
      "kind" : "remoteSourceControl",
      "location" : "https://github.com/Nirma/UIDeviceComplete",
      "state" : {
        "revision" : "2f873e46c8bb55c96c9a2fad6c8b9f3b77909fdf",
        "version" : "2.8.1"
      }
    }
  ],
  "version" : 2
}
