// !$*UTF8*$!
{
	archiveVersion = 1;
	classes = {
	};
	objectVersion = 55;
	objects = {

/* Begin PBXBuildFile section */
		D303D092287D1A1500E87540 /* TestKit in Frameworks */ = {isa = PBXBuildFile; productRef = D303D091287D1A1500E87540 /* TestKit */; };
		D303D094287D1A6800E87540 /* TestKit in Frameworks */ = {isa = PBXBuildFile; productRef = D303D093287D1A6800E87540 /* TestKit */; };
		D303D096287D1AC100E87540 /* KippleUI in Frameworks */ = {isa = PBXBuildFile; productRef = D303D095287D1AC100E87540 /* KippleUI */; };
		D303D099287D245700E87540 /* LaunchEnvironmentKey.swift in Sources */ = {isa = PBXBuildFile; fileRef = D303D098287D245700E87540 /* LaunchEnvironmentKey.swift */; };
		D3350550287D117700A414B8 /* LaunchPerformanceTests.swift in Sources */ = {isa = PBXBuildFile; fileRef = D335054F287D117700A414B8 /* LaunchPerformanceTests.swift */; };
		D3942974287BE33D008AF700 /* NotePickerButton.swift in Sources */ = {isa = PBXBuildFile; fileRef = D3942973287BE33D008AF700 /* NotePickerButton.swift */; };
		D3942976287BE342008AF700 /* ActiveTuningView.swift in Sources */ = {isa = PBXBuildFile; fileRef = D3942975287BE342008AF700 /* ActiveTuningView.swift */; };
		D3AF956B287D4B3F00EC819D /* AppStoreScreenshotTests.swift in Sources */ = {isa = PBXBuildFile; fileRef = D3AF956A287D4B3F00EC819D /* AppStoreScreenshotTests.swift */; };
		D3AF9574287D4B5900EC819D /* TestKit in Frameworks */ = {isa = PBXBuildFile; productRef = D3AF9573287D4B5900EC819D /* TestKit */; };
		D3AF9576287D4B6100EC819D /* InstrumentKit in Frameworks */ = {isa = PBXBuildFile; productRef = D3AF9575287D4B6100EC819D /* InstrumentKit */; };
		D3AF9578287D4B6100EC819D /* MusicKit in Frameworks */ = {isa = PBXBuildFile; productRef = D3AF9577287D4B6100EC819D /* MusicKit */; };
		D3AF957A287D4B6100EC819D /* TunerKit in Frameworks */ = {isa = PBXBuildFile; productRef = D3AF9579287D4B6100EC819D /* TunerKit */; };
		D3AF9581287F9A6300EC819D /* Tün.app in Embed Watch Content */ = {isa = PBXBuildFile; fileRef = D3AF9580287F9A6300EC819D /* Tün.app */; settings = {ATTRIBUTES = (RemoveHeadersOnCopy, ); }; };
		D3AF958C287F9A6400EC819D /* Tün.appex in Embed App Extensions */ = {isa = PBXBuildFile; fileRef = D3AF958B287F9A6400EC819D /* Tün.appex */; settings = {ATTRIBUTES = (RemoveHeadersOnCopy, ); }; };
		D3CF2101287B7E37006538CE /* InstrumentKit in Frameworks */ = {isa = PBXBuildFile; productRef = D3CF2100287B7E37006538CE /* InstrumentKit */; };
		D3CF2103287B7E37006538CE /* MusicKit in Frameworks */ = {isa = PBXBuildFile; productRef = D3CF2102287B7E37006538CE /* MusicKit */; };
		D3CF2105287B7E37006538CE /* TunerKit in Frameworks */ = {isa = PBXBuildFile; productRef = D3CF2104287B7E37006538CE /* TunerKit */; };
		D3CF2109287BAB3D006538CE /* NotePicker.swift in Sources */ = {isa = PBXBuildFile; fileRef = D3CF2108287BAB3D006538CE /* NotePicker.swift */; };
		D3E7B740287D2A4400CF6770 /* LaunchEnvironment+Convenience.swift in Sources */ = {isa = PBXBuildFile; fileRef = D3E7B73F287D2A4400CF6770 /* LaunchEnvironment+Convenience.swift */; };
		D3E7B742287D321D00CF6770 /* TestCoordinator.swift in Sources */ = {isa = PBXBuildFile; fileRef = D3E7B741287D321D00CF6770 /* TestCoordinator.swift */; };
		D3ED09FF287AA60D004CBC96 /* TunerScreen.swift in Sources */ = {isa = PBXBuildFile; fileRef = D3ED09FE287AA60D004CBC96 /* TunerScreen.swift */; };
		D3F448022877F01A00670FBA /* TunApp.swift in Sources */ = {isa = PBXBuildFile; fileRef = D3F447F22877F01A00670FBA /* TunApp.swift */; };
		D3F448042877F01A00670FBA /* TunerView.swift in Sources */ = {isa = PBXBuildFile; fileRef = D3F447F32877F01A00670FBA /* TunerView.swift */; };
		D3F448062877F01A00670FBA /* AppIcons.xcassets in Resources */ = {isa = PBXBuildFile; fileRef = D3F447F42877F01A00670FBA /* AppIcons.xcassets */; };
		D3F448112877F2C200670FBA /* Colors.xcassets in Resources */ = {isa = PBXBuildFile; fileRef = D3F448102877F2C200670FBA /* Colors.xcassets */; };
		D3F4483328780B0B00670FBA /* TunApp+Constants.swift in Sources */ = {isa = PBXBuildFile; fileRef = D3F4483228780B0B00670FBA /* TunApp+Constants.swift */; };
		D3F4483E2879281700670FBA /* RootView.swift in Sources */ = {isa = PBXBuildFile; fileRef = D3F4483D2879281700670FBA /* RootView.swift */; };
		D3F4484628792AE000670FBA /* NoteView.swift in Sources */ = {isa = PBXBuildFile; fileRef = D3F4484528792AE000670FBA /* NoteView.swift */; };
		D3F4485028792BDC00670FBA /* TunerCoordinating.swift in Sources */ = {isa = PBXBuildFile; fileRef = D3F4484F28792BDC00670FBA /* TunerCoordinating.swift */; };
		D3F4485B28792C7600670FBA /* Color+Theme.swift in Sources */ = {isa = PBXBuildFile; fileRef = D3F4485A28792C7600670FBA /* Color+Theme.swift */; };
		D3F44879287A27F500670FBA /* NoteFrequencyTable.swift in Sources */ = {isa = PBXBuildFile; fileRef = D3F44878287A27F500670FBA /* NoteFrequencyTable.swift */; };
/* End PBXBuildFile section */

/* Begin PBXContainerItemProxy section */
		D335054A287D0DFB00A414B8 /* PBXContainerItemProxy */ = {
			isa = PBXContainerItemProxy;
			containerPortal = D3F447ED2877F01900670FBA /* Project object */;
			proxyType = 1;
			remoteGlobalIDString = D3F447F82877F01A00670FBA;
			remoteInfo = "Tün";
		};
		D3AF956E287D4B3F00EC819D /* PBXContainerItemProxy */ = {
			isa = PBXContainerItemProxy;
			containerPortal = D3F447ED2877F01900670FBA /* Project object */;
			proxyType = 1;
			remoteGlobalIDString = D3F447F82877F01A00670FBA;
			remoteInfo = "Tün";
		};
		D3AF9582287F9A6300EC819D /* PBXContainerItemProxy */ = {
			isa = PBXContainerItemProxy;
			containerPortal = D3F447ED2877F01900670FBA /* Project object */;
			proxyType = 1;
			remoteGlobalIDString = D3AF957F287F9A6300EC819D;
			remoteInfo = "TunWatch WatchKit App";
		};
		D3AF958D287F9A6400EC819D /* PBXContainerItemProxy */ = {
			isa = PBXContainerItemProxy;
			containerPortal = D3F447ED2877F01900670FBA /* Project object */;
			proxyType = 1;
			remoteGlobalIDString = D3AF958A287F9A6400EC819D;
			remoteInfo = "TunWatch WatchKit Extension";
		};
/* End PBXContainerItemProxy section */

/* Begin PBXCopyFilesBuildPhase section */
		D3AF95A3287F9A6400EC819D /* Embed Watch Content */ = {
			isa = PBXCopyFilesBuildPhase;
			buildActionMask = 2147483647;
			dstPath = "$(CONTENTS_FOLDER_PATH)/Watch";
			dstSubfolderSpec = 16;
			files = (
				D3AF9581287F9A6300EC819D /* Tün.app in Embed Watch Content */,
			);
			name = "Embed Watch Content";
			runOnlyForDeploymentPostprocessing = 0;
		};
		D3AF95A6287F9A6400EC819D /* Embed App Extensions */ = {
			isa = PBXCopyFilesBuildPhase;
			buildActionMask = 2147483647;
			dstPath = "";
			dstSubfolderSpec = 13;
			files = (
				D3AF958C287F9A6400EC819D /* Tün.appex in Embed App Extensions */,
			);
			name = "Embed App Extensions";
			runOnlyForDeploymentPostprocessing = 0;
		};
/* End PBXCopyFilesBuildPhase section */

/* Begin PBXFileReference section */
		D303D098287D245700E87540 /* LaunchEnvironmentKey.swift */ = {isa = PBXFileReference; lastKnownFileType = sourcecode.swift; path = LaunchEnvironmentKey.swift; sourceTree = "<group>"; };
		D3350544287D0DFB00A414B8 /* TunUITests.xctest */ = {isa = PBXFileReference; explicitFileType = wrapper.cfbundle; includeInIndex = 0; path = TunUITests.xctest; sourceTree = BUILT_PRODUCTS_DIR; };
		D335054F287D117700A414B8 /* LaunchPerformanceTests.swift */ = {isa = PBXFileReference; lastKnownFileType = sourcecode.swift; path = LaunchPerformanceTests.swift; sourceTree = "<group>"; };
		D36444C6287B41A80031D13B /* Shared.xcconfig */ = {isa = PBXFileReference; lastKnownFileType = text.xcconfig; path = Shared.xcconfig; sourceTree = "<group>"; };
		D36444D0287B5DEF0031D13B /* Info.plist */ = {isa = PBXFileReference; lastKnownFileType = text.plist.xml; path = Info.plist; sourceTree = "<group>"; };
		D3942973287BE33D008AF700 /* NotePickerButton.swift */ = {isa = PBXFileReference; lastKnownFileType = sourcecode.swift; path = NotePickerButton.swift; sourceTree = "<group>"; };
		D3942975287BE342008AF700 /* ActiveTuningView.swift */ = {isa = PBXFileReference; lastKnownFileType = sourcecode.swift; path = ActiveTuningView.swift; sourceTree = "<group>"; };
		D3AF9563287D4ADA00EC819D /* AppStoreScreenshots.xctestplan */ = {isa = PBXFileReference; lastKnownFileType = text; path = AppStoreScreenshots.xctestplan; sourceTree = "<group>"; };
		D3AF9568287D4B3F00EC819D /* AppStoreScreenshotTests.xctest */ = {isa = PBXFileReference; explicitFileType = wrapper.cfbundle; includeInIndex = 0; path = AppStoreScreenshotTests.xctest; sourceTree = BUILT_PRODUCTS_DIR; };
		D3AF956A287D4B3F00EC819D /* AppStoreScreenshotTests.swift */ = {isa = PBXFileReference; lastKnownFileType = sourcecode.swift; path = AppStoreScreenshotTests.swift; sourceTree = "<group>"; };
		D3AF957D287F9A6300EC819D /* Tün.app */ = {isa = PBXFileReference; explicitFileType = wrapper.application; includeInIndex = 0; path = "Tün.app"; sourceTree = BUILT_PRODUCTS_DIR; };
		D3AF9580287F9A6300EC819D /* Tün.app */ = {isa = PBXFileReference; explicitFileType = wrapper.application; includeInIndex = 0; path = "Tün.app"; sourceTree = BUILT_PRODUCTS_DIR; };
		D3AF958B287F9A6400EC819D /* Tün.appex */ = {isa = PBXFileReference; explicitFileType = "wrapper.app-extension"; includeInIndex = 0; path = "Tün.appex"; sourceTree = BUILT_PRODUCTS_DIR; };
		D3CF2106287B7E66006538CE /* Tun.xctestplan */ = {isa = PBXFileReference; lastKnownFileType = text; path = Tun.xctestplan; sourceTree = "<group>"; };
		D3CF2107287B7FEC006538CE /* TunKit.xctestplan */ = {isa = PBXFileReference; lastKnownFileType = text; path = TunKit.xctestplan; sourceTree = "<group>"; };
		D3CF2108287BAB3D006538CE /* NotePicker.swift */ = {isa = PBXFileReference; lastKnownFileType = sourcecode.swift; path = NotePicker.swift; sourceTree = "<group>"; };
		D3E7B73F287D2A4400CF6770 /* LaunchEnvironment+Convenience.swift */ = {isa = PBXFileReference; lastKnownFileType = sourcecode.swift; path = "LaunchEnvironment+Convenience.swift"; sourceTree = "<group>"; };
		D3E7B741287D321D00CF6770 /* TestCoordinator.swift */ = {isa = PBXFileReference; lastKnownFileType = sourcecode.swift; path = TestCoordinator.swift; sourceTree = "<group>"; };
		D3ED09FE287AA60D004CBC96 /* TunerScreen.swift */ = {isa = PBXFileReference; lastKnownFileType = sourcecode.swift; path = TunerScreen.swift; sourceTree = "<group>"; };
		D3F447F22877F01A00670FBA /* TunApp.swift */ = {isa = PBXFileReference; lastKnownFileType = sourcecode.swift; path = TunApp.swift; sourceTree = "<group>"; };
		D3F447F32877F01A00670FBA /* TunerView.swift */ = {isa = PBXFileReference; lastKnownFileType = sourcecode.swift; path = TunerView.swift; sourceTree = "<group>"; };
		D3F447F42877F01A00670FBA /* AppIcons.xcassets */ = {isa = PBXFileReference; lastKnownFileType = folder.assetcatalog; path = AppIcons.xcassets; sourceTree = "<group>"; };
		D3F447F92877F01A00670FBA /* Tün.app */ = {isa = PBXFileReference; explicitFileType = wrapper.application; includeInIndex = 0; path = "Tün.app"; sourceTree = BUILT_PRODUCTS_DIR; };
		D3F448102877F2C200670FBA /* Colors.xcassets */ = {isa = PBXFileReference; lastKnownFileType = folder.assetcatalog; path = Colors.xcassets; sourceTree = "<group>"; };
		D3F4483228780B0B00670FBA /* TunApp+Constants.swift */ = {isa = PBXFileReference; lastKnownFileType = sourcecode.swift; path = "TunApp+Constants.swift"; sourceTree = "<group>"; };
		D3F448352879268200670FBA /* README.md */ = {isa = PBXFileReference; lastKnownFileType = net.daringfireball.markdown; name = README.md; path = ../README.md; sourceTree = "<group>"; };
		D3F4483D2879281700670FBA /* RootView.swift */ = {isa = PBXFileReference; lastKnownFileType = sourcecode.swift; path = RootView.swift; sourceTree = "<group>"; };
		D3F4484528792AE000670FBA /* NoteView.swift */ = {isa = PBXFileReference; lastKnownFileType = sourcecode.swift; path = NoteView.swift; sourceTree = "<group>"; };
		D3F4484F28792BDC00670FBA /* TunerCoordinating.swift */ = {isa = PBXFileReference; lastKnownFileType = sourcecode.swift; path = TunerCoordinating.swift; sourceTree = "<group>"; };
		D3F4485A28792C7600670FBA /* Color+Theme.swift */ = {isa = PBXFileReference; lastKnownFileType = sourcecode.swift; path = "Color+Theme.swift"; sourceTree = "<group>"; };
		D3F44878287A27F500670FBA /* NoteFrequencyTable.swift */ = {isa = PBXFileReference; lastKnownFileType = sourcecode.swift; path = NoteFrequencyTable.swift; sourceTree = "<group>"; };
/* End PBXFileReference section */

/* Begin PBXFrameworksBuildPhase section */
		D3350541287D0DFB00A414B8 /* Frameworks */ = {
			isa = PBXFrameworksBuildPhase;
			buildActionMask = 2147483647;
			files = (
				D303D092287D1A1500E87540 /* TestKit in Frameworks */,
			);
			runOnlyForDeploymentPostprocessing = 0;
		};
		D3AF9565287D4B3F00EC819D /* Frameworks */ = {
			isa = PBXFrameworksBuildPhase;
			buildActionMask = 2147483647;
			files = (
				D3AF9578287D4B6100EC819D /* MusicKit in Frameworks */,
				D3AF9576287D4B6100EC819D /* InstrumentKit in Frameworks */,
				D3AF957A287D4B6100EC819D /* TunerKit in Frameworks */,
				D3AF9574287D4B5900EC819D /* TestKit in Frameworks */,
			);
			runOnlyForDeploymentPostprocessing = 0;
		};
		D3AF9588287F9A6400EC819D /* Frameworks */ = {
			isa = PBXFrameworksBuildPhase;
			buildActionMask = 2147483647;
			files = (
			);
			runOnlyForDeploymentPostprocessing = 0;
		};
		D3F447F62877F01A00670FBA /* Frameworks */ = {
			isa = PBXFrameworksBuildPhase;
			buildActionMask = 2147483647;
			files = (
				D3CF2103287B7E37006538CE /* MusicKit in Frameworks */,
				D303D096287D1AC100E87540 /* KippleUI in Frameworks */,
				D3CF2101287B7E37006538CE /* InstrumentKit in Frameworks */,
				D3CF2105287B7E37006538CE /* TunerKit in Frameworks */,
				D303D094287D1A6800E87540 /* TestKit in Frameworks */,
			);
			runOnlyForDeploymentPostprocessing = 0;
		};
/* End PBXFrameworksBuildPhase section */

/* Begin PBXGroup section */
		D303D097287D244C00E87540 /* Testing */ = {
			isa = PBXGroup;
			children = (
				D3E7B73F287D2A4400CF6770 /* LaunchEnvironment+Convenience.swift */,
				D303D098287D245700E87540 /* LaunchEnvironmentKey.swift */,
				D3E7B741287D321D00CF6770 /* TestCoordinator.swift */,
			);
			path = Testing;
			sourceTree = "<group>";
		};
		D3350545287D0DFB00A414B8 /* TunUITests */ = {
			isa = PBXGroup;
			children = (
				D335054F287D117700A414B8 /* LaunchPerformanceTests.swift */,
			);
			path = TunUITests;
			sourceTree = "<group>";
		};
		D36444C5287B418D0031D13B /* Config */ = {
			isa = PBXGroup;
			children = (
				D36444C6287B41A80031D13B /* Shared.xcconfig */,
				D3CF2106287B7E66006538CE /* Tun.xctestplan */,
				D3CF2107287B7FEC006538CE /* TunKit.xctestplan */,
				D3AF9563287D4ADA00EC819D /* AppStoreScreenshots.xctestplan */,
			);
			path = Config;
			sourceTree = "<group>";
		};
		D3AF9569287D4B3F00EC819D /* AppStoreScreenshotTests */ = {
			isa = PBXGroup;
			children = (
				D3AF956A287D4B3F00EC819D /* AppStoreScreenshotTests.swift */,
			);
			path = AppStoreScreenshotTests;
			sourceTree = "<group>";
		};
		D3AF95AC287F9AA600EC819D /* Shared */ = {
			isa = PBXGroup;
			children = (
				D36444C5287B418D0031D13B /* Config */,
				D303D097287D244C00E87540 /* Testing */,
				D3F44836287927D600670FBA /* Core */,
				D3F448132877F2C400670FBA /* Resources */,
			);
			path = Shared;
			sourceTree = "<group>";
		};
		D3AF95AE287F9B5E00EC819D /* iOS */ = {
			isa = PBXGroup;
			children = (
				D3AF95AF287F9B9000EC819D /* Config */,
			);
			path = iOS;
			sourceTree = "<group>";
		};
		D3AF95AF287F9B9000EC819D /* Config */ = {
			isa = PBXGroup;
			children = (
				D36444D0287B5DEF0031D13B /* Info.plist */,
			);
			path = Config;
			sourceTree = "<group>";
		};
		D3F447EC2877F01900670FBA = {
			isa = PBXGroup;
			children = (
				D3F448352879268200670FBA /* README.md */,
				D3F447F12877F01A00670FBA /* Tun */,
				D3350545287D0DFB00A414B8 /* TunUITests */,
				D3AF9569287D4B3F00EC819D /* AppStoreScreenshotTests */,
				D3F447FA2877F01A00670FBA /* Products */,
				D3F448252877F6BD00670FBA /* Frameworks */,
			);
			sourceTree = "<group>";
		};
		D3F447F12877F01A00670FBA /* Tun */ = {
			isa = PBXGroup;
			children = (
				D3AF95AE287F9B5E00EC819D /* iOS */,
				D3AF95AC287F9AA600EC819D /* Shared */,
			);
			path = Tun;
			sourceTree = "<group>";
		};
		D3F447FA2877F01A00670FBA /* Products */ = {
			isa = PBXGroup;
			children = (
				D3F447F92877F01A00670FBA /* Tün.app */,
				D3350544287D0DFB00A414B8 /* TunUITests.xctest */,
				D3AF9568287D4B3F00EC819D /* AppStoreScreenshotTests.xctest */,
				D3AF957D287F9A6300EC819D /* Tün.app */,
				D3AF9580287F9A6300EC819D /* Tün.app */,
				D3AF958B287F9A6400EC819D /* Tün.appex */,
			);
			name = Products;
			sourceTree = "<group>";
		};
		D3F448132877F2C400670FBA /* Resources */ = {
			isa = PBXGroup;
			children = (
				D3F44868287942A800670FBA /* Assets */,
			);
			path = Resources;
			sourceTree = "<group>";
		};
		D3F448202877F67800670FBA /* Views */ = {
			isa = PBXGroup;
			children = (
				D3942975287BE342008AF700 /* ActiveTuningView.swift */,
				D3F44878287A27F500670FBA /* NoteFrequencyTable.swift */,
				D3CF2108287BAB3D006538CE /* NotePicker.swift */,
				D3942973287BE33D008AF700 /* NotePickerButton.swift */,
				D3F4484528792AE000670FBA /* NoteView.swift */,
				D3F4483D2879281700670FBA /* RootView.swift */,
				D3ED09FE287AA60D004CBC96 /* TunerScreen.swift */,
				D3F447F32877F01A00670FBA /* TunerView.swift */,
			);
			path = Views;
			sourceTree = "<group>";
		};
		D3F448212877F67E00670FBA /* Apps */ = {
			isa = PBXGroup;
			children = (
				D3F447F22877F01A00670FBA /* TunApp.swift */,
				D3F4483228780B0B00670FBA /* TunApp+Constants.swift */,
			);
			path = Apps;
			sourceTree = "<group>";
		};
		D3F448252877F6BD00670FBA /* Frameworks */ = {
			isa = PBXGroup;
			children = (
			);
			name = Frameworks;
			sourceTree = "<group>";
		};
		D3F44836287927D600670FBA /* Core */ = {
			isa = PBXGroup;
			children = (
				D3F448212877F67E00670FBA /* Apps */,
				D3F4485928792C6F00670FBA /* Extensions */,
				D3F4484E28792BC800670FBA /* Protocols */,
				D3F448202877F67800670FBA /* Views */,
			);
			path = Core;
			sourceTree = "<group>";
		};
		D3F4484E28792BC800670FBA /* Protocols */ = {
			isa = PBXGroup;
			children = (
				D3F4484F28792BDC00670FBA /* TunerCoordinating.swift */,
			);
			path = Protocols;
			sourceTree = "<group>";
		};
		D3F4485928792C6F00670FBA /* Extensions */ = {
			isa = PBXGroup;
			children = (
				D3F4485A28792C7600670FBA /* Color+Theme.swift */,
			);
			path = Extensions;
			sourceTree = "<group>";
		};
		D3F44868287942A800670FBA /* Assets */ = {
			isa = PBXGroup;
			children = (
				D3F448102877F2C200670FBA /* Colors.xcassets */,
				D3F447F42877F01A00670FBA /* AppIcons.xcassets */,
			);
			path = Assets;
			sourceTree = "<group>";
		};
/* End PBXGroup section */

/* Begin PBXNativeTarget section */
		D3350543287D0DFB00A414B8 /* TunUITests */ = {
			isa = PBXNativeTarget;
			buildConfigurationList = D335054C287D0DFB00A414B8 /* Build configuration list for PBXNativeTarget "TunUITests" */;
			buildPhases = (
				D3350540287D0DFB00A414B8 /* Sources */,
				D3350541287D0DFB00A414B8 /* Frameworks */,
				D3350542287D0DFB00A414B8 /* Resources */,
			);
			buildRules = (
			);
			dependencies = (
				D335054B287D0DFB00A414B8 /* PBXTargetDependency */,
			);
			name = TunUITests;
			packageProductDependencies = (
				D303D091287D1A1500E87540 /* TestKit */,
			);
			productName = TunUITests;
			productReference = D3350544287D0DFB00A414B8 /* TunUITests.xctest */;
			productType = "com.apple.product-type.bundle.ui-testing";
		};
		D3AF9567287D4B3F00EC819D /* AppStoreScreenshotTests */ = {
			isa = PBXNativeTarget;
			buildConfigurationList = D3AF9570287D4B3F00EC819D /* Build configuration list for PBXNativeTarget "AppStoreScreenshotTests" */;
			buildPhases = (
				D3AF9564287D4B3F00EC819D /* Sources */,
				D3AF9565287D4B3F00EC819D /* Frameworks */,
				D3AF9566287D4B3F00EC819D /* Resources */,
			);
			buildRules = (
			);
			dependencies = (
				D3AF956F287D4B3F00EC819D /* PBXTargetDependency */,
			);
			name = AppStoreScreenshotTests;
			packageProductDependencies = (
				D3AF9573287D4B5900EC819D /* TestKit */,
				D3AF9575287D4B6100EC819D /* InstrumentKit */,
				D3AF9577287D4B6100EC819D /* MusicKit */,
				D3AF9579287D4B6100EC819D /* TunerKit */,
			);
			productName = AppStoreScreenshotTests;
			productReference = D3AF9568287D4B3F00EC819D /* AppStoreScreenshotTests.xctest */;
			productType = "com.apple.product-type.bundle.ui-testing";
		};
		D3AF957C287F9A6300EC819D /* Tün-watchOS */ = {
			isa = PBXNativeTarget;
			buildConfigurationList = D3AF95AB287F9A6400EC819D /* Build configuration list for PBXNativeTarget "Tün-watchOS" */;
			buildPhases = (
				D3AF957B287F9A6300EC819D /* Resources */,
				D3AF95A3287F9A6400EC819D /* Embed Watch Content */,
			);
			buildRules = (
			);
			dependencies = (
				D3AF9583287F9A6300EC819D /* PBXTargetDependency */,
			);
			name = "Tün-watchOS";
			productName = TunWatch;
			productReference = D3AF957D287F9A6300EC819D /* Tün.app */;
			productType = "com.apple.product-type.application.watchapp2-container";
		};
		D3AF957F287F9A6300EC819D /* Tün-watchOS (App) */ = {
			isa = PBXNativeTarget;
			buildConfigurationList = D3AF95AA287F9A6400EC819D /* Build configuration list for PBXNativeTarget "Tün-watchOS (App)" */;
			buildPhases = (
				D3AF957E287F9A6300EC819D /* Resources */,
				D3AF95A6287F9A6400EC819D /* Embed App Extensions */,
			);
			buildRules = (
			);
			dependencies = (
				D3AF958E287F9A6400EC819D /* PBXTargetDependency */,
			);
			name = "Tün-watchOS (App)";
			productName = "TunWatch WatchKit App";
			productReference = D3AF9580287F9A6300EC819D /* Tün.app */;
			productType = "com.apple.product-type.application.watchapp2";
		};
		D3AF958A287F9A6400EC819D /* Tün-watchOS (Extension) */ = {
			isa = PBXNativeTarget;
			buildConfigurationList = D3AF95A9287F9A6400EC819D /* Build configuration list for PBXNativeTarget "Tün-watchOS (Extension)" */;
			buildPhases = (
				D3AF9587287F9A6400EC819D /* Sources */,
				D3AF9588287F9A6400EC819D /* Frameworks */,
				D3AF9589287F9A6400EC819D /* Resources */,
			);
			buildRules = (
			);
			dependencies = (
			);
			name = "Tün-watchOS (Extension)";
			productName = "TunWatch WatchKit Extension";
			productReference = D3AF958B287F9A6400EC819D /* Tün.appex */;
			productType = "com.apple.product-type.watchkit2-extension";
		};
		D3F447F82877F01A00670FBA /* Tün */ = {
			isa = PBXNativeTarget;
			buildConfigurationList = D3F4480A2877F01A00670FBA /* Build configuration list for PBXNativeTarget "Tün" */;
			buildPhases = (
				D3F447F52877F01A00670FBA /* Sources */,
				D3F447F62877F01A00670FBA /* Frameworks */,
				D3F447F72877F01A00670FBA /* Resources */,
			);
			buildRules = (
			);
			dependencies = (
			);
			name = "Tün";
			packageProductDependencies = (
				D3CF2100287B7E37006538CE /* InstrumentKit */,
				D3CF2102287B7E37006538CE /* MusicKit */,
				D3CF2104287B7E37006538CE /* TunerKit */,
				D303D093287D1A6800E87540 /* TestKit */,
				D303D095287D1AC100E87540 /* KippleUI */,
			);
			productName = "Synth (iOS)";
			productReference = D3F447F92877F01A00670FBA /* Tün.app */;
			productType = "com.apple.product-type.application";
		};
/* End PBXNativeTarget section */

/* Begin PBXProject section */
		D3F447ED2877F01900670FBA /* Project object */ = {
			isa = PBXProject;
			attributes = {
				BuildIndependentTargetsInParallel = 1;
				LastSwiftUpdateCheck = 1340;
				LastUpgradeCheck = 1340;
				TargetAttributes = {
					D3350543287D0DFB00A414B8 = {
						CreatedOnToolsVersion = 13.4.1;
						TestTargetID = D3F447F82877F01A00670FBA;
					};
					D3AF9567287D4B3F00EC819D = {
						CreatedOnToolsVersion = 13.4.1;
						TestTargetID = D3F447F82877F01A00670FBA;
					};
					D3AF957C287F9A6300EC819D = {
						CreatedOnToolsVersion = 13.4.1;
					};
					D3AF957F287F9A6300EC819D = {
						CreatedOnToolsVersion = 13.4.1;
					};
					D3AF958A287F9A6400EC819D = {
						CreatedOnToolsVersion = 13.4.1;
					};
					D3F447F82877F01A00670FBA = {
						CreatedOnToolsVersion = 13.4.1;
					};
				};
			};
			buildConfigurationList = D3F447F02877F01900670FBA /* Build configuration list for PBXProject "Tun" */;
			compatibilityVersion = "Xcode 13.0";
			developmentRegion = en;
			hasScannedForEncodings = 0;
			knownRegions = (
				en,
				Base,
			);
			mainGroup = D3F447EC2877F01900670FBA;
			packageReferences = (
				D3F4485D2879392600670FBA /* XCRemoteSwiftPackageReference "UI" */,
			);
			productRefGroup = D3F447FA2877F01A00670FBA /* Products */;
			projectDirPath = "";
			projectRoot = "";
			targets = (
				D3F447F82877F01A00670FBA /* Tün */,
				D3350543287D0DFB00A414B8 /* TunUITests */,
				D3AF9567287D4B3F00EC819D /* AppStoreScreenshotTests */,
				D3AF957C287F9A6300EC819D /* Tün-watchOS */,
				D3AF957F287F9A6300EC819D /* Tün-watchOS (App) */,
				D3AF958A287F9A6400EC819D /* Tün-watchOS (Extension) */,
			);
		};
/* End PBXProject section */

/* Begin PBXResourcesBuildPhase section */
		D3350542287D0DFB00A414B8 /* Resources */ = {
			isa = PBXResourcesBuildPhase;
			buildActionMask = 2147483647;
			files = (
			);
			runOnlyForDeploymentPostprocessing = 0;
		};
		D3AF9566287D4B3F00EC819D /* Resources */ = {
			isa = PBXResourcesBuildPhase;
			buildActionMask = 2147483647;
			files = (
			);
			runOnlyForDeploymentPostprocessing = 0;
		};
		D3AF957B287F9A6300EC819D /* Resources */ = {
			isa = PBXResourcesBuildPhase;
			buildActionMask = 2147483647;
			files = (
			);
			runOnlyForDeploymentPostprocessing = 0;
		};
		D3AF957E287F9A6300EC819D /* Resources */ = {
			isa = PBXResourcesBuildPhase;
			buildActionMask = 2147483647;
			files = (
			);
			runOnlyForDeploymentPostprocessing = 0;
		};
		D3AF9589287F9A6400EC819D /* Resources */ = {
			isa = PBXResourcesBuildPhase;
			buildActionMask = 2147483647;
			files = (
			);
			runOnlyForDeploymentPostprocessing = 0;
		};
		D3F447F72877F01A00670FBA /* Resources */ = {
			isa = PBXResourcesBuildPhase;
			buildActionMask = 2147483647;
			files = (
				D3F448062877F01A00670FBA /* AppIcons.xcassets in Resources */,
				D3F448112877F2C200670FBA /* Colors.xcassets in Resources */,
			);
			runOnlyForDeploymentPostprocessing = 0;
		};
/* End PBXResourcesBuildPhase section */

/* Begin PBXSourcesBuildPhase section */
		D3350540287D0DFB00A414B8 /* Sources */ = {
			isa = PBXSourcesBuildPhase;
			buildActionMask = 2147483647;
			files = (
				D3350550287D117700A414B8 /* LaunchPerformanceTests.swift in Sources */,
			);
			runOnlyForDeploymentPostprocessing = 0;
		};
		D3AF9564287D4B3F00EC819D /* Sources */ = {
			isa = PBXSourcesBuildPhase;
			buildActionMask = 2147483647;
			files = (
				D3AF956B287D4B3F00EC819D /* AppStoreScreenshotTests.swift in Sources */,
			);
			runOnlyForDeploymentPostprocessing = 0;
		};
		D3AF9587287F9A6400EC819D /* Sources */ = {
			isa = PBXSourcesBuildPhase;
			buildActionMask = 2147483647;
			files = (
			);
			runOnlyForDeploymentPostprocessing = 0;
		};
		D3F447F52877F01A00670FBA /* Sources */ = {
			isa = PBXSourcesBuildPhase;
			buildActionMask = 2147483647;
			files = (
				D3E7B740287D2A4400CF6770 /* LaunchEnvironment+Convenience.swift in Sources */,
				D3F448042877F01A00670FBA /* TunerView.swift in Sources */,
				D3942976287BE342008AF700 /* ActiveTuningView.swift in Sources */,
				D3F4483328780B0B00670FBA /* TunApp+Constants.swift in Sources */,
				D3F448022877F01A00670FBA /* TunApp.swift in Sources */,
				D3942974287BE33D008AF700 /* NotePickerButton.swift in Sources */,
				D3F4483E2879281700670FBA /* RootView.swift in Sources */,
				D3E7B742287D321D00CF6770 /* TestCoordinator.swift in Sources */,
				D3F44879287A27F500670FBA /* NoteFrequencyTable.swift in Sources */,
				D3ED09FF287AA60D004CBC96 /* TunerScreen.swift in Sources */,
				D3F4485B28792C7600670FBA /* Color+Theme.swift in Sources */,
				D3F4485028792BDC00670FBA /* TunerCoordinating.swift in Sources */,
				D303D099287D245700E87540 /* LaunchEnvironmentKey.swift in Sources */,
				D3F4484628792AE000670FBA /* NoteView.swift in Sources */,
				D3CF2109287BAB3D006538CE /* NotePicker.swift in Sources */,
			);
			runOnlyForDeploymentPostprocessing = 0;
		};
/* End PBXSourcesBuildPhase section */

/* Begin PBXTargetDependency section */
		D335054B287D0DFB00A414B8 /* PBXTargetDependency */ = {
			isa = PBXTargetDependency;
			target = D3F447F82877F01A00670FBA /* Tün */;
			targetProxy = D335054A287D0DFB00A414B8 /* PBXContainerItemProxy */;
		};
		D3AF956F287D4B3F00EC819D /* PBXTargetDependency */ = {
			isa = PBXTargetDependency;
			target = D3F447F82877F01A00670FBA /* Tün */;
			targetProxy = D3AF956E287D4B3F00EC819D /* PBXContainerItemProxy */;
		};
		D3AF9583287F9A6300EC819D /* PBXTargetDependency */ = {
			isa = PBXTargetDependency;
			target = D3AF957F287F9A6300EC819D /* Tün-watchOS (App) */;
			targetProxy = D3AF9582287F9A6300EC819D /* PBXContainerItemProxy */;
		};
		D3AF958E287F9A6400EC819D /* PBXTargetDependency */ = {
			isa = PBXTargetDependency;
			target = D3AF958A287F9A6400EC819D /* Tün-watchOS (Extension) */;
			targetProxy = D3AF958D287F9A6400EC819D /* PBXContainerItemProxy */;
		};
/* End PBXTargetDependency section */

/* Begin XCBuildConfiguration section */
		D335054D287D0DFB00A414B8 /* Debug */ = {
			isa = XCBuildConfiguration;
			buildSettings = {
				CODE_SIGN_STYLE = Automatic;
				CURRENT_PROJECT_VERSION = 1;
				DEVELOPMENT_TEAM = 79E585EFP3;
				GENERATE_INFOPLIST_FILE = YES;
				MARKETING_VERSION = 1.0;
				PRODUCT_BUNDLE_IDENTIFIER = com.briandrelling.TunUITests;
				PRODUCT_NAME = "$(TARGET_NAME)";
				SDKROOT = iphoneos;
				SWIFT_EMIT_LOC_STRINGS = NO;
				SWIFT_VERSION = 5.0;
				TARGETED_DEVICE_FAMILY = "1,2";
				TEST_TARGET_NAME = "Tün";
			};
			name = Debug;
		};
		D335054E287D0DFB00A414B8 /* Release */ = {
			isa = XCBuildConfiguration;
			buildSettings = {
				CODE_SIGN_STYLE = Automatic;
				CURRENT_PROJECT_VERSION = 1;
				DEVELOPMENT_TEAM = 79E585EFP3;
				GENERATE_INFOPLIST_FILE = YES;
				MARKETING_VERSION = 1.0;
				PRODUCT_BUNDLE_IDENTIFIER = com.briandrelling.TunUITests;
				PRODUCT_NAME = "$(TARGET_NAME)";
				SDKROOT = iphoneos;
				SWIFT_EMIT_LOC_STRINGS = NO;
				SWIFT_VERSION = 5.0;
				TARGETED_DEVICE_FAMILY = "1,2";
				TEST_TARGET_NAME = "Tün";
				VALIDATE_PRODUCT = YES;
			};
			name = Release;
		};
		D3AF9571287D4B3F00EC819D /* Debug */ = {
			isa = XCBuildConfiguration;
			buildSettings = {
				CODE_SIGN_STYLE = Automatic;
				CURRENT_PROJECT_VERSION = 1;
				DEVELOPMENT_TEAM = 79E585EFP3;
				GENERATE_INFOPLIST_FILE = YES;
				MARKETING_VERSION = 1.0;
				PRODUCT_BUNDLE_IDENTIFIER = com.briandrelling.AppStoreScreenshotTests;
				PRODUCT_NAME = "$(TARGET_NAME)";
				SDKROOT = iphoneos;
				SWIFT_EMIT_LOC_STRINGS = NO;
				SWIFT_VERSION = 5.0;
				TARGETED_DEVICE_FAMILY = "1,2";
				TEST_TARGET_NAME = "Tün";
			};
			name = Debug;
		};
		D3AF9572287D4B3F00EC819D /* Release */ = {
			isa = XCBuildConfiguration;
			buildSettings = {
				CODE_SIGN_STYLE = Automatic;
				CURRENT_PROJECT_VERSION = 1;
				DEVELOPMENT_TEAM = 79E585EFP3;
				GENERATE_INFOPLIST_FILE = YES;
				MARKETING_VERSION = 1.0;
				PRODUCT_BUNDLE_IDENTIFIER = com.briandrelling.AppStoreScreenshotTests;
				PRODUCT_NAME = "$(TARGET_NAME)";
				SDKROOT = iphoneos;
				SWIFT_EMIT_LOC_STRINGS = NO;
				SWIFT_VERSION = 5.0;
				TARGETED_DEVICE_FAMILY = "1,2";
				TEST_TARGET_NAME = "Tün";
				VALIDATE_PRODUCT = YES;
			};
			name = Release;
		};
		D3AF95A1287F9A6400EC819D /* Debug */ = {
			isa = XCBuildConfiguration;
			buildSettings = {
				INFOPLIST_KEY_NSHumanReadableCopyright = "";
				INFOPLIST_KEY_WKWatchOnly = YES;
				SDKROOT = iphoneos;
			};
			name = Debug;
		};
		D3AF95A2287F9A6400EC819D /* Release */ = {
			isa = XCBuildConfiguration;
			buildSettings = {
				INFOPLIST_KEY_NSHumanReadableCopyright = "";
				INFOPLIST_KEY_WKWatchOnly = YES;
				SDKROOT = iphoneos;
				VALIDATE_PRODUCT = YES;
			};
			name = Release;
		};
		D3AF95A4287F9A6400EC819D /* Debug */ = {
			isa = XCBuildConfiguration;
			buildSettings = {
				ASSETCATALOG_COMPILER_APPICON_NAME = AppIcon;
				ASSETCATALOG_COMPILER_GLOBAL_ACCENT_COLOR_NAME = AccentColor;
				GENERATE_INFOPLIST_FILE = YES;
				IBSC_MODULE = TunWatch_WatchKit_Extension;
				INFOPLIST_KEY_UISupportedInterfaceOrientations = "UIInterfaceOrientationPortrait UIInterfaceOrientationPortraitUpsideDown";
				INFOPLIST_KEY_WKWatchOnly = YES;
				PRODUCT_BUNDLE_IDENTIFIER = "$(inherited).watchkitapp";
				SDKROOT = watchos;
				SKIP_INSTALL = YES;
				SWIFT_EMIT_LOC_STRINGS = YES;
				TARGETED_DEVICE_FAMILY = 4;
			};
			name = Debug;
		};
		D3AF95A5287F9A6400EC819D /* Release */ = {
			isa = XCBuildConfiguration;
			buildSettings = {
				ASSETCATALOG_COMPILER_APPICON_NAME = AppIcon;
				ASSETCATALOG_COMPILER_GLOBAL_ACCENT_COLOR_NAME = AccentColor;
				GENERATE_INFOPLIST_FILE = YES;
				IBSC_MODULE = TunWatch_WatchKit_Extension;
				INFOPLIST_KEY_UISupportedInterfaceOrientations = "UIInterfaceOrientationPortrait UIInterfaceOrientationPortraitUpsideDown";
				INFOPLIST_KEY_WKWatchOnly = YES;
				PRODUCT_BUNDLE_IDENTIFIER = "$(inherited).watchkitapp";
				SDKROOT = watchos;
				SKIP_INSTALL = YES;
				SWIFT_EMIT_LOC_STRINGS = YES;
				TARGETED_DEVICE_FAMILY = 4;
				VALIDATE_PRODUCT = YES;
			};
			name = Release;
		};
		D3AF95A7287F9A6400EC819D /* Debug */ = {
			isa = XCBuildConfiguration;
			buildSettings = {
				DEVELOPMENT_ASSET_PATHS = "\"Tun/watchOS/Extension/Previews\"";
				ENABLE_PREVIEWS = YES;
				GENERATE_INFOPLIST_FILE = YES;
				INFOPLIST_FILE = Tun/watchOS/Extension/Config/Info.plist;
				INFOPLIST_KEY_CFBundleDisplayName = "Tün";
				INFOPLIST_KEY_NSHumanReadableCopyright = "";
				INFOPLIST_KEY_WKWatchOnly = YES;
				LD_RUNPATH_SEARCH_PATHS = (
					"$(inherited)",
					"@executable_path/Frameworks",
					"@executable_path/../../Frameworks",
				);
				PRODUCT_BUNDLE_IDENTIFIER = "$(inherited).watchkitapp.watchkitextension";
				SDKROOT = watchos;
				SKIP_INSTALL = YES;
				SWIFT_EMIT_LOC_STRINGS = YES;
				SWIFT_VERSION = 5.0;
				TARGETED_DEVICE_FAMILY = 4;
			};
			name = Debug;
		};
		D3AF95A8287F9A6400EC819D /* Release */ = {
			isa = XCBuildConfiguration;
			buildSettings = {
				DEVELOPMENT_ASSET_PATHS = "\"Tun/watchOS/Extension/Previews\"";
				ENABLE_PREVIEWS = YES;
				GENERATE_INFOPLIST_FILE = YES;
				INFOPLIST_FILE = Tun/watchOS/Extension/Config/Info.plist;
				INFOPLIST_KEY_CFBundleDisplayName = "Tün";
				INFOPLIST_KEY_NSHumanReadableCopyright = "";
				INFOPLIST_KEY_WKWatchOnly = YES;
				LD_RUNPATH_SEARCH_PATHS = (
					"$(inherited)",
					"@executable_path/Frameworks",
					"@executable_path/../../Frameworks",
				);
				PRODUCT_BUNDLE_IDENTIFIER = "$(inherited).watchkitapp.watchkitextension";
				SDKROOT = watchos;
				SKIP_INSTALL = YES;
				SWIFT_EMIT_LOC_STRINGS = YES;
				SWIFT_VERSION = 5.0;
				TARGETED_DEVICE_FAMILY = 4;
				VALIDATE_PRODUCT = YES;
			};
			name = Release;
		};
		D3F448082877F01A00670FBA /* Debug */ = {
			isa = XCBuildConfiguration;
			baseConfigurationReference = D36444C6287B41A80031D13B /* Shared.xcconfig */;
			buildSettings = {
				ALWAYS_SEARCH_USER_PATHS = NO;
				CLANG_ANALYZER_NONNULL = YES;
				CLANG_ANALYZER_NUMBER_OBJECT_CONVERSION = YES_AGGRESSIVE;
				CLANG_CXX_LANGUAGE_STANDARD = "gnu++17";
				CLANG_ENABLE_MODULES = YES;
				CLANG_ENABLE_OBJC_ARC = YES;
				CLANG_ENABLE_OBJC_WEAK = YES;
				CLANG_WARN_BLOCK_CAPTURE_AUTORELEASING = YES;
				CLANG_WARN_BOOL_CONVERSION = YES;
				CLANG_WARN_COMMA = YES;
				CLANG_WARN_CONSTANT_CONVERSION = YES;
				CLANG_WARN_DEPRECATED_OBJC_IMPLEMENTATIONS = YES;
				CLANG_WARN_DIRECT_OBJC_ISA_USAGE = YES_ERROR;
				CLANG_WARN_DOCUMENTATION_COMMENTS = YES;
				CLANG_WARN_EMPTY_BODY = YES;
				CLANG_WARN_ENUM_CONVERSION = YES;
				CLANG_WARN_INFINITE_RECURSION = YES;
				CLANG_WARN_INT_CONVERSION = YES;
				CLANG_WARN_NON_LITERAL_NULL_CONVERSION = YES;
				CLANG_WARN_OBJC_IMPLICIT_RETAIN_SELF = YES;
				CLANG_WARN_OBJC_LITERAL_CONVERSION = YES;
				CLANG_WARN_OBJC_ROOT_CLASS = YES_ERROR;
				CLANG_WARN_QUOTED_INCLUDE_IN_FRAMEWORK_HEADER = YES;
				CLANG_WARN_RANGE_LOOP_ANALYSIS = YES;
				CLANG_WARN_STRICT_PROTOTYPES = YES;
				CLANG_WARN_SUSPICIOUS_MOVE = YES;
				CLANG_WARN_UNGUARDED_AVAILABILITY = YES_AGGRESSIVE;
				CLANG_WARN_UNREACHABLE_CODE = YES;
				CLANG_WARN__DUPLICATE_METHOD_MATCH = YES;
				COPY_PHASE_STRIP = NO;
				DEBUG_INFORMATION_FORMAT = dwarf;
				ENABLE_STRICT_OBJC_MSGSEND = YES;
				ENABLE_TESTABILITY = YES;
				GCC_C_LANGUAGE_STANDARD = gnu11;
				GCC_DYNAMIC_NO_PIC = NO;
				GCC_NO_COMMON_BLOCKS = YES;
				GCC_OPTIMIZATION_LEVEL = 0;
				GCC_PREPROCESSOR_DEFINITIONS = (
					"DEBUG=1",
					"$(inherited)",
				);
				GCC_WARN_64_TO_32_BIT_CONVERSION = YES;
				GCC_WARN_ABOUT_RETURN_TYPE = YES_ERROR;
				GCC_WARN_UNDECLARED_SELECTOR = YES;
				GCC_WARN_UNINITIALIZED_AUTOS = YES_AGGRESSIVE;
				GCC_WARN_UNUSED_FUNCTION = YES;
				GCC_WARN_UNUSED_VARIABLE = YES;
				MARKETING_VERSION = "$(APP_VERSION)";
				MTL_ENABLE_DEBUG_INFO = INCLUDE_SOURCE;
				MTL_FAST_MATH = YES;
				ONLY_ACTIVE_ARCH = YES;
				SWIFT_ACTIVE_COMPILATION_CONDITIONS = DEBUG;
				SWIFT_OPTIMIZATION_LEVEL = "-Onone";
			};
			name = Debug;
		};
		D3F448092877F01A00670FBA /* Release */ = {
			isa = XCBuildConfiguration;
			baseConfigurationReference = D36444C6287B41A80031D13B /* Shared.xcconfig */;
			buildSettings = {
				ALWAYS_SEARCH_USER_PATHS = NO;
				CLANG_ANALYZER_NONNULL = YES;
				CLANG_ANALYZER_NUMBER_OBJECT_CONVERSION = YES_AGGRESSIVE;
				CLANG_CXX_LANGUAGE_STANDARD = "gnu++17";
				CLANG_ENABLE_MODULES = YES;
				CLANG_ENABLE_OBJC_ARC = YES;
				CLANG_ENABLE_OBJC_WEAK = YES;
				CLANG_WARN_BLOCK_CAPTURE_AUTORELEASING = YES;
				CLANG_WARN_BOOL_CONVERSION = YES;
				CLANG_WARN_COMMA = YES;
				CLANG_WARN_CONSTANT_CONVERSION = YES;
				CLANG_WARN_DEPRECATED_OBJC_IMPLEMENTATIONS = YES;
				CLANG_WARN_DIRECT_OBJC_ISA_USAGE = YES_ERROR;
				CLANG_WARN_DOCUMENTATION_COMMENTS = YES;
				CLANG_WARN_EMPTY_BODY = YES;
				CLANG_WARN_ENUM_CONVERSION = YES;
				CLANG_WARN_INFINITE_RECURSION = YES;
				CLANG_WARN_INT_CONVERSION = YES;
				CLANG_WARN_NON_LITERAL_NULL_CONVERSION = YES;
				CLANG_WARN_OBJC_IMPLICIT_RETAIN_SELF = YES;
				CLANG_WARN_OBJC_LITERAL_CONVERSION = YES;
				CLANG_WARN_OBJC_ROOT_CLASS = YES_ERROR;
				CLANG_WARN_QUOTED_INCLUDE_IN_FRAMEWORK_HEADER = YES;
				CLANG_WARN_RANGE_LOOP_ANALYSIS = YES;
				CLANG_WARN_STRICT_PROTOTYPES = YES;
				CLANG_WARN_SUSPICIOUS_MOVE = YES;
				CLANG_WARN_UNGUARDED_AVAILABILITY = YES_AGGRESSIVE;
				CLANG_WARN_UNREACHABLE_CODE = YES;
				CLANG_WARN__DUPLICATE_METHOD_MATCH = YES;
				COPY_PHASE_STRIP = NO;
				DEBUG_INFORMATION_FORMAT = "dwarf-with-dsym";
				ENABLE_NS_ASSERTIONS = NO;
				ENABLE_STRICT_OBJC_MSGSEND = YES;
				GCC_C_LANGUAGE_STANDARD = gnu11;
				GCC_NO_COMMON_BLOCKS = YES;
				GCC_WARN_64_TO_32_BIT_CONVERSION = YES;
				GCC_WARN_ABOUT_RETURN_TYPE = YES_ERROR;
				GCC_WARN_UNDECLARED_SELECTOR = YES;
				GCC_WARN_UNINITIALIZED_AUTOS = YES_AGGRESSIVE;
				GCC_WARN_UNUSED_FUNCTION = YES;
				GCC_WARN_UNUSED_VARIABLE = YES;
				MARKETING_VERSION = "$(APP_VERSION)";
				MTL_ENABLE_DEBUG_INFO = NO;
				MTL_FAST_MATH = YES;
				SWIFT_COMPILATION_MODE = wholemodule;
				SWIFT_OPTIMIZATION_LEVEL = "-O";
			};
			name = Release;
		};
		D3F4480B2877F01A00670FBA /* Debug */ = {
			isa = XCBuildConfiguration;
			buildSettings = {
				ASSETCATALOG_COMPILER_APPICON_NAME = AppIcon;
				ASSETCATALOG_COMPILER_GLOBAL_ACCENT_COLOR_NAME = AccentColor;
				ENABLE_PREVIEWS = YES;
				GENERATE_INFOPLIST_FILE = YES;
				INFOPLIST_FILE = Tun/iOS/Config/Info.plist;
				INFOPLIST_KEY_NSMicrophoneUsageDescription = "We need access to your microphone in order to detect the frequency of your instrument or voice.";
				INFOPLIST_KEY_UIApplicationSceneManifest_Generation = YES;
				INFOPLIST_KEY_UIApplicationSupportsIndirectInputEvents = YES;
				INFOPLIST_KEY_UISupportedInterfaceOrientations_iPad = "UIInterfaceOrientationPortrait UIInterfaceOrientationPortraitUpsideDown UIInterfaceOrientationLandscapeLeft UIInterfaceOrientationLandscapeRight";
				INFOPLIST_KEY_UISupportedInterfaceOrientations_iPhone = "UIInterfaceOrientationPortrait UIInterfaceOrientationLandscapeLeft UIInterfaceOrientationLandscapeRight";
				LD_RUNPATH_SEARCH_PATHS = (
					"$(inherited)",
					"@executable_path/Frameworks",
				);
				PRODUCT_MODULE_NAME = Tun;
				SDKROOT = iphoneos;
				SWIFT_EMIT_LOC_STRINGS = YES;
				TARGETED_DEVICE_FAMILY = "1,2";
			};
			name = Debug;
		};
		D3F4480C2877F01A00670FBA /* Release */ = {
			isa = XCBuildConfiguration;
			buildSettings = {
				ASSETCATALOG_COMPILER_APPICON_NAME = AppIcon;
				ASSETCATALOG_COMPILER_GLOBAL_ACCENT_COLOR_NAME = AccentColor;
				ENABLE_PREVIEWS = YES;
				GENERATE_INFOPLIST_FILE = YES;
				INFOPLIST_FILE = Tun/iOS/Config/Info.plist;
				INFOPLIST_KEY_NSMicrophoneUsageDescription = "We need access to your microphone in order to detect the frequency of your instrument or voice.";
				INFOPLIST_KEY_UIApplicationSceneManifest_Generation = YES;
				INFOPLIST_KEY_UIApplicationSupportsIndirectInputEvents = YES;
				INFOPLIST_KEY_UISupportedInterfaceOrientations_iPad = "UIInterfaceOrientationPortrait UIInterfaceOrientationPortraitUpsideDown UIInterfaceOrientationLandscapeLeft UIInterfaceOrientationLandscapeRight";
				INFOPLIST_KEY_UISupportedInterfaceOrientations_iPhone = "UIInterfaceOrientationPortrait UIInterfaceOrientationLandscapeLeft UIInterfaceOrientationLandscapeRight";
				LD_RUNPATH_SEARCH_PATHS = (
					"$(inherited)",
					"@executable_path/Frameworks",
				);
				PRODUCT_MODULE_NAME = Tun;
				SDKROOT = iphoneos;
				SWIFT_EMIT_LOC_STRINGS = YES;
				TARGETED_DEVICE_FAMILY = "1,2";
				VALIDATE_PRODUCT = YES;
			};
			name = Release;
		};
/* End XCBuildConfiguration section */

/* Begin XCConfigurationList section */
		D335054C287D0DFB00A414B8 /* Build configuration list for PBXNativeTarget "TunUITests" */ = {
			isa = XCConfigurationList;
			buildConfigurations = (
				D335054D287D0DFB00A414B8 /* Debug */,
				D335054E287D0DFB00A414B8 /* Release */,
			);
			defaultConfigurationIsVisible = 0;
			defaultConfigurationName = Release;
		};
		D3AF9570287D4B3F00EC819D /* Build configuration list for PBXNativeTarget "AppStoreScreenshotTests" */ = {
			isa = XCConfigurationList;
			buildConfigurations = (
				D3AF9571287D4B3F00EC819D /* Debug */,
				D3AF9572287D4B3F00EC819D /* Release */,
			);
			defaultConfigurationIsVisible = 0;
			defaultConfigurationName = Release;
		};
		D3AF95A9287F9A6400EC819D /* Build configuration list for PBXNativeTarget "Tün-watchOS (Extension)" */ = {
			isa = XCConfigurationList;
			buildConfigurations = (
				D3AF95A7287F9A6400EC819D /* Debug */,
				D3AF95A8287F9A6400EC819D /* Release */,
			);
			defaultConfigurationIsVisible = 0;
			defaultConfigurationName = Release;
		};
		D3AF95AA287F9A6400EC819D /* Build configuration list for PBXNativeTarget "Tün-watchOS (App)" */ = {
			isa = XCConfigurationList;
			buildConfigurations = (
				D3AF95A4287F9A6400EC819D /* Debug */,
				D3AF95A5287F9A6400EC819D /* Release */,
			);
			defaultConfigurationIsVisible = 0;
			defaultConfigurationName = Release;
		};
		D3AF95AB287F9A6400EC819D /* Build configuration list for PBXNativeTarget "Tün-watchOS" */ = {
			isa = XCConfigurationList;
			buildConfigurations = (
				D3AF95A1287F9A6400EC819D /* Debug */,
				D3AF95A2287F9A6400EC819D /* Release */,
			);
			defaultConfigurationIsVisible = 0;
			defaultConfigurationName = Release;
		};
		D3F447F02877F01900670FBA /* Build configuration list for PBXProject "Tun" */ = {
			isa = XCConfigurationList;
			buildConfigurations = (
				D3F448082877F01A00670FBA /* Debug */,
				D3F448092877F01A00670FBA /* Release */,
			);
			defaultConfigurationIsVisible = 0;
			defaultConfigurationName = Release;
		};
		D3F4480A2877F01A00670FBA /* Build configuration list for PBXNativeTarget "Tün" */ = {
			isa = XCConfigurationList;
			buildConfigurations = (
				D3F4480B2877F01A00670FBA /* Debug */,
				D3F4480C2877F01A00670FBA /* Release */,
			);
			defaultConfigurationIsVisible = 0;
			defaultConfigurationName = Release;
		};
/* End XCConfigurationList section */

/* Begin XCRemoteSwiftPackageReference section */
		D3F4485D2879392600670FBA /* XCRemoteSwiftPackageReference "UI" */ = {
			isa = XCRemoteSwiftPackageReference;
			repositoryURL = "https://github.com/swift-kipple/UI";
			requirement = {
				kind = upToNextMinorVersion;
				minimumVersion = 0.0.4;
			};
		};
/* End XCRemoteSwiftPackageReference section */

/* Begin XCSwiftPackageProductDependency section */
		D303D091287D1A1500E87540 /* TestKit */ = {
			isa = XCSwiftPackageProductDependency;
			productName = TestKit;
		};
		D303D093287D1A6800E87540 /* TestKit */ = {
			isa = XCSwiftPackageProductDependency;
			productName = TestKit;
		};
		D303D095287D1AC100E87540 /* KippleUI */ = {
			isa = XCSwiftPackageProductDependency;
			package = D3F4485D2879392600670FBA /* XCRemoteSwiftPackageReference "UI" */;
			productName = KippleUI;
		};
		D3AF9573287D4B5900EC819D /* TestKit */ = {
			isa = XCSwiftPackageProductDependency;
			productName = TestKit;
		};
		D3AF9575287D4B6100EC819D /* InstrumentKit */ = {
			isa = XCSwiftPackageProductDependency;
			productName = InstrumentKit;
		};
		D3AF9577287D4B6100EC819D /* MusicKit */ = {
			isa = XCSwiftPackageProductDependency;
			productName = MusicKit;
		};
		D3AF9579287D4B6100EC819D /* TunerKit */ = {
			isa = XCSwiftPackageProductDependency;
			productName = TunerKit;
		};
		D3CF2100287B7E37006538CE /* InstrumentKit */ = {
			isa = XCSwiftPackageProductDependency;
			productName = InstrumentKit;
		};
		D3CF2102287B7E37006538CE /* MusicKit */ = {
			isa = XCSwiftPackageProductDependency;
			productName = MusicKit;
		};
		D3CF2104287B7E37006538CE /* TunerKit */ = {
			isa = XCSwiftPackageProductDependency;
			productName = TunerKit;
		};
/* End XCSwiftPackageProductDependency section */
	};
	rootObject = D3F447ED2877F01900670FBA /* Project object */;
}
